// !$*UTF8*$!
{
	archiveVersion = 1;
	classes = {
	};
	objectVersion = 46;
	objects = {

/* Begin PBXBuildFile section */
		F68C848D1B55F099000EA83D /* AppDelegate.swift in Sources */ = {isa = PBXBuildFile; fileRef = F68C848C1B55F099000EA83D /* AppDelegate.swift */; };
		F68C848F1B55F099000EA83D /* ViewController.swift in Sources */ = {isa = PBXBuildFile; fileRef = F68C848E1B55F099000EA83D /* ViewController.swift */; };
		F68C84921B55F099000EA83D /* Main.storyboard in Resources */ = {isa = PBXBuildFile; fileRef = F68C84901B55F099000EA83D /* Main.storyboard */; };
		F68C84941B55F099000EA83D /* Images.xcassets in Resources */ = {isa = PBXBuildFile; fileRef = F68C84931B55F099000EA83D /* Images.xcassets */; };
		F68C84971B55F099000EA83D /* LaunchScreen.xib in Resources */ = {isa = PBXBuildFile; fileRef = F68C84951B55F099000EA83D /* LaunchScreen.xib */; };
		F68C84A31B55F099000EA83D /* HelloWorldTests.swift in Sources */ = {isa = PBXBuildFile; fileRef = F68C84A21B55F099000EA83D /* HelloWorldTests.swift */; };
		F68C84AD1B55FAED000EA83D /* icon120.png in Resources */ = {isa = PBXBuildFile; fileRef = F68C84AC1B55FAED000EA83D /* icon120.png */; };
		F68C84AF1B55FC9A000EA83D /* jNgy1b3MR0uJx7rysNNf_Rooftops by Igor Ovsyannykov.jpg in Resources */ = {isa = PBXBuildFile; fileRef = F68C84AE1B55FC9A000EA83D /* jNgy1b3MR0uJx7rysNNf_Rooftops by Igor Ovsyannykov.jpg */; };
/* End PBXBuildFile section */

/* Begin PBXContainerItemProxy section */
		F68C849D1B55F099000EA83D /* PBXContainerItemProxy */ = {
			isa = PBXContainerItemProxy;
			containerPortal = F68C847F1B55F099000EA83D /* Project object */;
			proxyType = 1;
			remoteGlobalIDString = F68C84861B55F099000EA83D;
			remoteInfo = HelloWorld;
		};
/* End PBXContainerItemProxy section */

/* Begin PBXFileReference section */
		F68C84871B55F099000EA83D /* HelloWorld.app */ = {isa = PBXFileReference; explicitFileType = wrapper.application; includeInIndex = 0; path = HelloWorld.app; sourceTree = BUILT_PRODUCTS_DIR; };
		F68C848B1B55F099000EA83D /* Info.plist */ = {isa = PBXFileReference; lastKnownFileType = text.plist.xml; path = Info.plist; sourceTree = "<group>"; };
		F68C848C1B55F099000EA83D /* AppDelegate.swift */ = {isa = PBXFileReference; lastKnownFileType = sourcecode.swift; path = AppDelegate.swift; sourceTree = "<group>"; };
		F68C848E1B55F099000EA83D /* ViewController.swift */ = {isa = PBXFileReference; lastKnownFileType = sourcecode.swift; path = ViewController.swift; sourceTree = "<group>"; };
		F68C84911B55F099000EA83D /* Base */ = {isa = PBXFileReference; lastKnownFileType = file.storyboard; name = Base; path = Base.lproj/Main.storyboard; sourceTree = "<group>"; };
		F68C84931B55F099000EA83D /* Images.xcassets */ = {isa = PBXFileReference; lastKnownFileType = folder.assetcatalog; path = Images.xcassets; sourceTree = "<group>"; };
		F68C84961B55F099000EA83D /* Base */ = {isa = PBXFileReference; lastKnownFileType = file.xib; name = Base; path = Base.lproj/LaunchScreen.xib; sourceTree = "<group>"; };
		F68C849C1B55F099000EA83D /* HelloWorldTests.xctest */ = {isa = PBXFileReference; explicitFileType = wrapper.cfbundle; includeInIndex = 0; path = HelloWorldTests.xctest; sourceTree = BUILT_PRODUCTS_DIR; };
		F68C84A11B55F099000EA83D /* Info.plist */ = {isa = PBXFileReference; lastKnownFileType = text.plist.xml; path = Info.plist; sourceTree = "<group>"; };
		F68C84A21B55F099000EA83D /* HelloWorldTests.swift */ = {isa = PBXFileReference; lastKnownFileType = sourcecode.swift; path = HelloWorldTests.swift; sourceTree = "<group>"; };
		F68C84AC1B55FAED000EA83D /* icon120.png */ = {isa = PBXFileReference; lastKnownFileType = image.png; path = icon120.png; sourceTree = "<group>"; };
		F68C84AE1B55FC9A000EA83D /* jNgy1b3MR0uJx7rysNNf_Rooftops by Igor Ovsyannykov.jpg */ = {isa = PBXFileReference; lastKnownFileType = image.jpeg; path = "jNgy1b3MR0uJx7rysNNf_Rooftops by Igor Ovsyannykov.jpg"; sourceTree = "<group>"; };
/* End PBXFileReference section */

/* Begin PBXFrameworksBuildPhase section */
		F68C84841B55F099000EA83D /* Frameworks */ = {
			isa = PBXFrameworksBuildPhase;
			buildActionMask = 2147483647;
			files = (
			);
			runOnlyForDeploymentPostprocessing = 0;
		};
		F68C84991B55F099000EA83D /* Frameworks */ = {
			isa = PBXFrameworksBuildPhase;
			buildActionMask = 2147483647;
			files = (
			);
			runOnlyForDeploymentPostprocessing = 0;
		};
/* End PBXFrameworksBuildPhase section */

/* Begin PBXGroup section */
		F68C847E1B55F099000EA83D = {
			isa = PBXGroup;
			children = (
				F68C84891B55F099000EA83D /* HelloWorld */,
				F68C849F1B55F099000EA83D /* HelloWorldTests */,
				F68C84881B55F099000EA83D /* Products */,
			);
			sourceTree = "<group>";
		};
		F68C84881B55F099000EA83D /* Products */ = {
			isa = PBXGroup;
			children = (
				F68C84871B55F099000EA83D /* HelloWorld.app */,
				F68C849C1B55F099000EA83D /* HelloWorldTests.xctest */,
			);
			name = Products;
			sourceTree = "<group>";
		};
		F68C84891B55F099000EA83D /* HelloWorld */ = {
			isa = PBXGroup;
			children = (
				F68C848C1B55F099000EA83D /* AppDelegate.swift */,
				F68C848E1B55F099000EA83D /* ViewController.swift */,
				F68C84901B55F099000EA83D /* Main.storyboard */,
				F68C84AE1B55FC9A000EA83D /* jNgy1b3MR0uJx7rysNNf_Rooftops by Igor Ovsyannykov.jpg */,
				F68C84931B55F099000EA83D /* Images.xcassets */,
				F68C84AC1B55FAED000EA83D /* icon120.png */,
				F68C84951B55F099000EA83D /* LaunchScreen.xib */,
				F68C848A1B55F099000EA83D /* Supporting Files */,
			);
			path = HelloWorld;
			sourceTree = "<group>";
		};
		F68C848A1B55F099000EA83D /* Supporting Files */ = {
			isa = PBXGroup;
			children = (
				F68C848B1B55F099000EA83D /* Info.plist */,
			);
			name = "Supporting Files";
			sourceTree = "<group>";
		};
		F68C849F1B55F099000EA83D /* HelloWorldTests */ = {
			isa = PBXGroup;
			children = (
				F68C84A21B55F099000EA83D /* HelloWorldTests.swift */,
				F68C84A01B55F099000EA83D /* Supporting Files */,
			);
			path = HelloWorldTests;
			sourceTree = "<group>";
		};
		F68C84A01B55F099000EA83D /* Supporting Files */ = {
			isa = PBXGroup;
			children = (
				F68C84A11B55F099000EA83D /* Info.plist */,
			);
			name = "Supporting Files";
			sourceTree = "<group>";
		};
/* End PBXGroup section */

/* Begin PBXNativeTarget section */
		F68C84861B55F099000EA83D /* HelloWorld */ = {
			isa = PBXNativeTarget;
			buildConfigurationList = F68C84A61B55F099000EA83D /* Build configuration list for PBXNativeTarget "HelloWorld" */;
			buildPhases = (
				F68C84831B55F099000EA83D /* Sources */,
				F68C84841B55F099000EA83D /* Frameworks */,
				F68C84851B55F099000EA83D /* Resources */,
			);
			buildRules = (
			);
			dependencies = (
			);
			name = HelloWorld;
			productName = HelloWorld;
			productReference = F68C84871B55F099000EA83D /* HelloWorld.app */;
			productType = "com.apple.product-type.application";
		};
		F68C849B1B55F099000EA83D /* HelloWorldTests */ = {
			isa = PBXNativeTarget;
			buildConfigurationList = F68C84A91B55F099000EA83D /* Build configuration list for PBXNativeTarget "HelloWorldTests" */;
			buildPhases = (
				F68C84981B55F099000EA83D /* Sources */,
				F68C84991B55F099000EA83D /* Frameworks */,
				F68C849A1B55F099000EA83D /* Resources */,
			);
			buildRules = (
			);
			dependencies = (
				F68C849E1B55F099000EA83D /* PBXTargetDependency */,
			);
			name = HelloWorldTests;
			productName = HelloWorldTests;
			productReference = F68C849C1B55F099000EA83D /* HelloWorldTests.xctest */;
			productType = "com.apple.product-type.bundle.unit-test";
		};
/* End PBXNativeTarget section */

/* Begin PBXProject section */
		F68C847F1B55F099000EA83D /* Project object */ = {
			isa = PBXProject;
			attributes = {
				LastUpgradeCheck = 0640;
				ORGANIZATIONNAME = "Xoi's iMac";
				TargetAttributes = {
					F68C84861B55F099000EA83D = {
						CreatedOnToolsVersion = 6.4;
					};
					F68C849B1B55F099000EA83D = {
						CreatedOnToolsVersion = 6.4;
						TestTargetID = F68C84861B55F099000EA83D;
					};
				};
			};
			buildConfigurationList = F68C84821B55F099000EA83D /* Build configuration list for PBXProject "HelloWorld" */;
			compatibilityVersion = "Xcode 3.2";
			developmentRegion = English;
			hasScannedForEncodings = 0;
			knownRegions = (
				en,
				Base,
			);
			mainGroup = F68C847E1B55F099000EA83D;
			productRefGroup = F68C84881B55F099000EA83D /* Products */;
			projectDirPath = "";
			projectRoot = "";
			targets = (
				F68C84861B55F099000EA83D /* HelloWorld */,
				F68C849B1B55F099000EA83D /* HelloWorldTests */,
			);
		};
/* End PBXProject section */

/* Begin PBXResourcesBuildPhase section */
		F68C84851B55F099000EA83D /* Resources */ = {
			isa = PBXResourcesBuildPhase;
			buildActionMask = 2147483647;
			files = (
				F68C84921B55F099000EA83D /* Main.storyboard in Resources */,
				F68C84971B55F099000EA83D /* LaunchScreen.xib in Resources */,
				F68C84AF1B55FC9A000EA83D /* jNgy1b3MR0uJx7rysNNf_Rooftops by Igor Ovsyannykov.jpg in Resources */,
				F68C84AD1B55FAED000EA83D /* icon120.png in Resources */,
				F68C84941B55F099000EA83D /* Images.xcassets in Resources */,
			);
			runOnlyForDeploymentPostprocessing = 0;
		};
		F68C849A1B55F099000EA83D /* Resources */ = {
			isa = PBXResourcesBuildPhase;
			buildActionMask = 2147483647;
			files = (
			);
			runOnlyForDeploymentPostprocessing = 0;
		};
/* End PBXResourcesBuildPhase section */

/* Begin PBXSourcesBuildPhase section */
		F68C84831B55F099000EA83D /* Sources */ = {
			isa = PBXSourcesBuildPhase;
			buildActionMask = 2147483647;
			files = (
				F68C848F1B55F099000EA83D /* ViewController.swift in Sources */,
				F68C848D1B55F099000EA83D /* AppDelegate.swift in Sources */,
			);
			runOnlyForDeploymentPostprocessing = 0;
		};
		F68C84981B55F099000EA83D /* Sources */ = {
			isa = PBXSourcesBuildPhase;
			buildActionMask = 2147483647;
			files = (
				F68C84A31B55F099000EA83D /* HelloWorldTests.swift in Sources */,
			);
			runOnlyForDeploymentPostprocessing = 0;
		};
/* End PBXSourcesBuildPhase section */

/* Begin PBXTargetDependency section */
		F68C849E1B55F099000EA83D /* PBXTargetDependency */ = {
			isa = PBXTargetDependency;
			target = F68C84861B55F099000EA83D /* HelloWorld */;
			targetProxy = F68C849D1B55F099000EA83D /* PBXContainerItemProxy */;
		};
/* End PBXTargetDependency section */

/* Begin PBXVariantGroup section */
		F68C84901B55F099000EA83D /* Main.storyboard */ = {
			isa = PBXVariantGroup;
			children = (
				F68C84911B55F099000EA83D /* Base */,
			);
			name = Main.storyboard;
			sourceTree = "<group>";
		};
		F68C84951B55F099000EA83D /* LaunchScreen.xib */ = {
			isa = PBXVariantGroup;
			children = (
				F68C84961B55F099000EA83D /* Base */,
			);
			name = LaunchScreen.xib;
			sourceTree = "<group>";
		};
/* End PBXVariantGroup section */

/* Begin XCBuildConfiguration section */
		F68C84A41B55F099000EA83D /* Debug */ = {
			isa = XCBuildConfiguration;
			buildSettings = {
				ALWAYS_SEARCH_USER_PATHS = NO;
				CLANG_CXX_LANGUAGE_STANDARD = "gnu++0x";
				CLANG_CXX_LIBRARY = "libc++";
				CLANG_ENABLE_MODULES = YES;
				CLANG_ENABLE_OBJC_ARC = YES;
				CLANG_WARN_BOOL_CONVERSION = YES;
				CLANG_WARN_CONSTANT_CONVERSION = YES;
				CLANG_WARN_DIRECT_OBJC_ISA_USAGE = YES_ERROR;
				CLANG_WARN_EMPTY_BODY = YES;
				CLANG_WARN_ENUM_CONVERSION = YES;
				CLANG_WARN_INT_CONVERSION = YES;
				CLANG_WARN_OBJC_ROOT_CLASS = YES_ERROR;
				CLANG_WARN_UNREACHABLE_CODE = YES;
				CLANG_WARN__DUPLICATE_METHOD_MATCH = YES;
				"CODE_SIGN_IDENTITY[sdk=iphoneos*]" = "iPhone Developer";
				COPY_PHASE_STRIP = NO;
				DEBUG_INFORMATION_FORMAT = "dwarf-with-dsym";
				ENABLE_STRICT_OBJC_MSGSEND = YES;
				GCC_C_LANGUAGE_STANDARD = gnu99;
				GCC_DYNAMIC_NO_PIC = NO;
				GCC_NO_COMMON_BLOCKS = YES;
				GCC_OPTIMIZATION_LEVEL = 0;
				GCC_PREPROCESSOR_DEFINITIONS = (
					"DEBUG=1",
					"$(inherited)",
				);
				GCC_SYMBOLS_PRIVATE_EXTERN = NO;
				GCC_WARN_64_TO_32_BIT_CONVERSION = YES;
				GCC_WARN_ABOUT_RETURN_TYPE = YES_ERROR;
				GCC_WARN_UNDECLARED_SELECTOR = YES;
				GCC_WARN_UNINITIALIZED_AUTOS = YES_AGGRESSIVE;
				GCC_WARN_UNUSED_FUNCTION = YES;
				GCC_WARN_UNUSED_VARIABLE = YES;
				IPHONEOS_DEPLOYMENT_TARGET = 8.4;
				MTL_ENABLE_DEBUG_INFO = YES;
				ONLY_ACTIVE_ARCH = YES;
				SDKROOT = iphoneos;
				SWIFT_OPTIMIZATION_LEVEL = "-Onone";
			};
			name = Debug;
		};
		F68C84A51B55F099000EA83D /* Release */ = {
			isa = XCBuildConfiguration;
			buildSettings = {
				ALWAYS_SEARCH_USER_PATHS = NO;
				CLANG_CXX_LANGUAGE_STANDARD = "gnu++0x";
				CLANG_CXX_LIBRARY = "libc++";
				CLANG_ENABLE_MODULES = YES;
				CLANG_ENABLE_OBJC_ARC = YES;
				CLANG_WARN_BOOL_CONVERSION = YES;
				CLANG_WARN_CONSTANT_CONVERSION = YES;
				CLANG_WARN_DIRECT_OBJC_ISA_USAGE = YES_ERROR;
				CLANG_WARN_EMPTY_BODY = YES;
				CLANG_WARN_ENUM_CONVERSION = YES;
				CLANG_WARN_INT_CONVERSION = YES;
				CLANG_WARN_OBJC_ROOT_CLASS = YES_ERROR;
				CLANG_WARN_UNREACHABLE_CODE = YES;
				CLANG_WARN__DUPLICATE_METHOD_MATCH = YES;
				"CODE_SIGN_IDENTITY[sdk=iphoneos*]" = "iPhone Developer";
				COPY_PHASE_STRIP = NO;
				DEBUG_INFORMATION_FORMAT = "dwarf-with-dsym";
				ENABLE_NS_ASSERTIONS = NO;
				ENABLE_STRICT_OBJC_MSGSEND = YES;
				GCC_C_LANGUAGE_STANDARD = gnu99;
				GCC_NO_COMMON_BLOCKS = YES;
				GCC_WARN_64_TO_32_BIT_CONVERSION = YES;
				GCC_WARN_ABOUT_RETURN_TYPE = YES_ERROR;
				GCC_WARN_UNDECLARED_SELECTOR = YES;
				GCC_WARN_UNINITIALIZED_AUTOS = YES_AGGRESSIVE;
				GCC_WARN_UNUSED_FUNCTION = YES;
				GCC_WARN_UNUSED_VARIABLE = YES;
				IPHONEOS_DEPLOYMENT_TARGET = 8.4;
				MTL_ENABLE_DEBUG_INFO = NO;
				SDKROOT = iphoneos;
				VALIDATE_PRODUCT = YES;
			};
			name = Release;
		};
		F68C84A71B55F099000EA83D /* Debug */ = {
			isa = XCBuildConfiguration;
			buildSettings = {
				ASSETCATALOG_COMPILER_APPICON_NAME = AppIcon;
				INFOPLIST_FILE = HelloWorld/Info.plist;
				LD_RUNPATH_SEARCH_PATHS = "$(inherited) @executable_path/Frameworks";
				PRODUCT_NAME = "$(TARGET_NAME)";
			};
			name = Debug;
		};
		F68C84A81B55F099000EA83D /* Release */ = {
			isa = XCBuildConfiguration;
			buildSettings = {
				ASSETCATALOG_COMPILER_APPICON_NAME = AppIcon;
				INFOPLIST_FILE = HelloWorld/Info.plist;
				LD_RUNPATH_SEARCH_PATHS = "$(inherited) @executable_path/Frameworks";
				PRODUCT_NAME = "$(TARGET_NAME)";
			};
			name = Release;
		};
		F68C84AA1B55F099000EA83D /* Debug */ = {
			isa = XCBuildConfiguration;
			buildSettings = {
				BUNDLE_LOADER = "$(TEST_HOST)";
				FRAMEWORK_SEARCH_PATHS = (
					"$(SDKROOT)/Developer/Library/Frameworks",
					"$(inherited)",
				);
				GCC_PREPROCESSOR_DEFINITIONS = (
					"DEBUG=1",
					"$(inherited)",
				);
				INFOPLIST_FILE = HelloWorldTests/Info.plist;
				LD_RUNPATH_SEARCH_PATHS = "$(inherited) @executable_path/Frameworks @loader_path/Frameworks";
				PRODUCT_NAME = "$(TARGET_NAME)";
				TEST_HOST = "$(BUILT_PRODUCTS_DIR)/HelloWorld.app/HelloWorld";
			};
			name = Debug;
		};
		F68C84AB1B55F099000EA83D /* Release */ = {
			isa = XCBuildConfiguration;
			buildSettings = {
				BUNDLE_LOADER = "$(TEST_HOST)";
				FRAMEWORK_SEARCH_PATHS = (
					"$(SDKROOT)/Developer/Library/Frameworks",
					"$(inherited)",
				);
				INFOPLIST_FILE = HelloWorldTests/Info.plist;
				LD_RUNPATH_SEARCH_PATHS = "$(inherited) @executable_path/Frameworks @loader_path/Frameworks";
				PRODUCT_NAME = "$(TARGET_NAME)";
				TEST_HOST = "$(BUILT_PRODUCTS_DIR)/HelloWorld.app/HelloWorld";
			};
			name = Release;
		};
/* End XCBuildConfiguration section */

/* Begin XCConfigurationList section */
		F68C84821B55F099000EA83D /* Build configuration list for PBXProject "HelloWorld" */ = {
			isa = XCConfigurationList;
			buildConfigurations = (
				F68C84A41B55F099000EA83D /* Debug */,
				F68C84A51B55F099000EA83D /* Release */,
			);
			defaultConfigurationIsVisible = 0;
			defaultConfigurationName = Release;
		};
		F68C84A61B55F099000EA83D /* Build configuration list for PBXNativeTarget "HelloWorld" */ = {
			isa = XCConfigurationList;
			buildConfigurations = (
				F68C84A71B55F099000EA83D /* Debug */,
				F68C84A81B55F099000EA83D /* Release */,
			);
			defaultConfigurationIsVisible = 0;
		};
		F68C84A91B55F099000EA83D /* Build configuration list for PBXNativeTarget "HelloWorldTests" */ = {
			isa = XCConfigurationList;
			buildConfigurations = (
				F68C84AA1B55F099000EA83D /* Debug */,
				F68C84AB1B55F099000EA83D /* Release */,
			);
			defaultConfigurationIsVisible = 0;
		};
/* End XCConfigurationList section */
	};
	rootObject = F68C847F1B55F099000EA83D /* Project object */;
}
